# This file is automatically @generated by Cargo.
# It is not intended for manual editing.
[[package]]
name = "chocolate_milk"
version = "0.1.0"
dependencies = [
 "cpu",
 "pe_parser",
 "serial",
]

[[package]]
name = "cpu"
version = "0.1.0"

[[package]]
name = "lockcell"
version = "0.1.0"

[[package]]
name = "pe_parser"
version = "0.1.0"

[[package]]
name = "serial"
version = "0.1.0"
dependencies = [
 "cpu",
 "lockcell",
]
